
Microsoft Visual Studio Solution File, Format Version 12.00
# Visual Studio Version 16
VisualStudioVersion = 16.0.31005.135
MinimumVisualStudioVersion = 10.0.40219.1
Project("{8BC9CEB8-8B4A-11D0-8D11-00A0C91BC942}") = "Task1.1", "Task1.1\Task1.1.vcxproj", "{5C64C090-AB9C-4924-86B0-1C69D27F5C86}"
EndProject
Project("{8BC9CEB8-8B4A-11D0-8D11-00A0C91BC942}") = "Task2", "Task2\Task2.vcxproj", "{86FF0E81-BE4C-47CA-8BF4-6C6C7FFDD612}"
EndProject
Project("{8BC9CEB8-8B4A-11D0-8D11-00A0C91BC942}") = "Task3", "Task3\Task3.vcxproj", "{EF89FA74-9004-47EF-AB61-284408FC873F}"
EndProject
Project("{8BC9CEB8-8B4A-11D0-8D11-00A0C91BC942}") = "Task3.1", "Task3.1\Task3.1.vcxproj", "{7D59C6C8-AAF3-49FC-AA49-D5D1BFBB7D84}"
EndProject
Global
	GlobalSection(SolutionConfigurationPlatforms) = preSolution
		Debug|x64 = Debug|x64
		Debug|x86 = Debug|x86
		Release|x64 = Release|x64
		Release|x86 = Release|x86
	EndGlobalSection
	GlobalSection(ProjectConfigurationPlatforms) = postSolution
		{5C64C090-AB9C-4924-86B0-1C69D27F5C86}.Debug|x64.ActiveCfg = Debug|x64
		{5C64C090-AB9C-4924-86B0-1C69D27F5C86}.Debug|x64.Build.0 = Debug|x64
		{5C64C090-AB9C-4924-86B0-1C69D27F5C86}.Debug|x86.ActiveCfg = Debug|Win32
		{5C64C090-AB9C-4924-86B0-1C69D27F5C86}.Debug|x86.Build.0 = Debug|Win32
		{5C64C090-AB9C-4924-86B0-1C69D27F5C86}.Release|x64.ActiveCfg = Release|x64
		{5C64C090-AB9C-4924-86B0-1C69D27F5C86}.Release|x64.Build.0 = Release|x64
		{5C64C090-AB9C-4924-86B0-1C69D27F5C86}.Release|x86.ActiveCfg = Release|Win32
		{5C64C090-AB9C-4924-86B0-1C69D27F5C86}.Release|x86.Build.0 = Release|Win32
		{86FF0E81-BE4C-47CA-8BF4-6C6C7FFDD612}.Debug|x64.ActiveCfg = Debug|x64
		{86FF0E81-BE4C-47CA-8BF4-6C6C7FFDD612}.Debug|x64.Build.0 = Debug|x64
		{86FF0E81-BE4C-47CA-8BF4-6C6C7FFDD612}.Debug|x86.ActiveCfg = Debug|Win32
		{86FF0E81-BE4C-47CA-8BF4-6C6C7FFDD612}.Debug|x86.Build.0 = Debug|Win32
		{86FF0E81-BE4C-47CA-8BF4-6C6C7FFDD612}.Release|x64.ActiveCfg = Release|x64
		{86FF0E81-BE4C-47CA-8BF4-6C6C7FFDD612}.Release|x64.Build.0 = Release|x64
		{86FF0E81-BE4C-47CA-8BF4-6C6C7FFDD612}.Release|x86.ActiveCfg = Release|Win32
		{86FF0E81-BE4C-47CA-8BF4-6C6C7FFDD612}.Release|x86.Build.0 = Release|Win32
		{EF89FA74-9004-47EF-AB61-284408FC873F}.Debug|x64.ActiveCfg = Debug|x64
		{EF89FA74-9004-47EF-AB61-284408FC873F}.Debug|x64.Build.0 = Debug|x64
		{EF89FA74-9004-47EF-AB61-284408FC873F}.Debug|x86.ActiveCfg = Debug|Win32
		{EF89FA74-9004-47EF-AB61-284408FC873F}.Debug|x86.Build.0 = Debug|Win32
		{EF89FA74-9004-47EF-AB61-284408FC873F}.Release|x64.ActiveCfg = Release|x64
		{EF89FA74-9004-47EF-AB61-284408FC873F}.Release|x64.Build.0 = Release|x64
		{EF89FA74-9004-47EF-AB61-284408FC873F}.Release|x86.ActiveCfg = Release|Win32
		{EF89FA74-9004-47EF-AB61-284408FC873F}.Release|x86.Build.0 = Release|Win32
		{7D59C6C8-AAF3-49FC-AA49-D5D1BFBB7D84}.Debug|x64.ActiveCfg = Debug|x64
		{7D59C6C8-AAF3-49FC-AA49-D5D1BFBB7D84}.Debug|x64.Build.0 = Debug|x64
		{7D59C6C8-AAF3-49FC-AA49-D5D1BFBB7D84}.Debug|x86.ActiveCfg = Debug|Win32
		{7D59C6C8-AAF3-49FC-AA49-D5D1BFBB7D84}.Debug|x86.Build.0 = Debug|Win32
		{7D59C6C8-AAF3-49FC-AA49-D5D1BFBB7D84}.Release|x64.ActiveCfg = Release|x64
		{7D59C6C8-AAF3-49FC-AA49-D5D1BFBB7D84}.Release|x64.Build.0 = Release|x64
		{7D59C6C8-AAF3-49FC-AA49-D5D1BFBB7D84}.Release|x86.ActiveCfg = Release|Win32
		{7D59C6C8-AAF3-49FC-AA49-D5D1BFBB7D84}.Release|x86.Build.0 = Release|Win32
	EndGlobalSection
	GlobalSection(SolutionProperties) = preSolution
		HideSolutionNode = FALSE
	EndGlobalSection
	GlobalSection(ExtensibilityGlobals) = postSolution
		SolutionGuid = {AB9BF0DA-FD00-4CC6-A85A-63C80BAE2D5D}
	EndGlobalSection
EndGlobal
